
Microsoft Visual Studio Solution File, Format Version 12.00
# Visual Studio Version 17
VisualStudioVersion = 17.9.34622.214
MinimumVisualStudioVersion = 10.0.40219.1
Project("{FAE04EC0-301F-11D3-BF4B-00C04F79EFBC}") = "RecipeApp_1", "RecipeApp_1\RecipeApp_1.csproj", "{070BB5EC-DA25-4685-BB3C-3228997214A6}"
EndProject
Global
	GlobalSection(SolutionConfigurationPlatforms) = preSolution
		Debug|Any CPU = Debug|Any CPU
		Release|Any CPU = Release|Any CPU
	EndGlobalSection
	GlobalSection(ProjectConfigurationPlatforms) = postSolution
		{070BB5EC-DA25-4685-BB3C-3228997214A6}.Debug|Any CPU.ActiveCfg = Debug|Any CPU
		{070BB5EC-DA25-4685-BB3C-3228997214A6}.Debug|Any CPU.Build.0 = Debug|Any CPU
		{070BB5EC-DA25-4685-BB3C-3228997214A6}.Release|Any CPU.ActiveCfg = Release|Any CPU
		{070BB5EC-DA25-4685-BB3C-3228997214A6}.Release|Any CPU.Build.0 = Release|Any CPU
	EndGlobalSection
	GlobalSection(SolutionProperties) = preSolution
		HideSolutionNode = FALSE
	EndGlobalSection
	GlobalSection(ExtensibilityGlobals) = postSolution
		SolutionGuid = {199BD2E3-E5A7-4C07-AA87-F8CB2A846D17}
	EndGlobalSection
EndGlobal
